// !$*UTF8*$!
{
	archiveVersion = 1;
	classes = {
	};
	objectVersion = 55;
	objects = {

/* Begin PBXBuildFile section */
		F345A40329BE0CEA00354ED1 /* AppDelegate.swift in Sources */ = {isa = PBXBuildFile; fileRef = F345A40229BE0CEA00354ED1 /* AppDelegate.swift */; };
		F345A40529BE0CEA00354ED1 /* SceneDelegate.swift in Sources */ = {isa = PBXBuildFile; fileRef = F345A40429BE0CEA00354ED1 /* SceneDelegate.swift */; };
		F345A40F29BE0CEC00354ED1 /* LaunchScreen.storyboard in Resources */ = {isa = PBXBuildFile; fileRef = F345A40D29BE0CEC00354ED1 /* LaunchScreen.storyboard */; };
		F345A41A29BE0D1700354ED1 /* MainViewController.swift in Sources */ = {isa = PBXBuildFile; fileRef = F345A41829BE0D1700354ED1 /* MainViewController.swift */; };
		F345A41B29BE0D1700354ED1 /* DataSource.swift in Sources */ = {isa = PBXBuildFile; fileRef = F345A41929BE0D1700354ED1 /* DataSource.swift */; };
		F345A42129BE0D4000354ED1 /* UILabel + Extensions.swift in Sources */ = {isa = PBXBuildFile; fileRef = F345A41D29BE0D4000354ED1 /* UILabel + Extensions.swift */; };
		F345A42329BE0D4000354ED1 /* UIFont + Extensions.swift in Sources */ = {isa = PBXBuildFile; fileRef = F345A41F29BE0D4000354ED1 /* UIFont + Extensions.swift */; };
		F345A42429BE0D4000354ED1 /* UIView + Extensions.swift in Sources */ = {isa = PBXBuildFile; fileRef = F345A42029BE0D4000354ED1 /* UIView + Extensions.swift */; };
		F345A42829BE0D4600354ED1 /* FooterRocketViewModel.swift in Sources */ = {isa = PBXBuildFile; fileRef = F345A42629BE0D4600354ED1 /* FooterRocketViewModel.swift */; };
		F345A42929BE0D4600354ED1 /* RocketViewModel.swift in Sources */ = {isa = PBXBuildFile; fileRef = F345A42729BE0D4600354ED1 /* RocketViewModel.swift */; };
		F345A42C29BE0D4D00354ED1 /* Observable.swift in Sources */ = {isa = PBXBuildFile; fileRef = F345A42B29BE0D4D00354ED1 /* Observable.swift */; };
		F345A43029BE0D5300354ED1 /* APICaller.swift in Sources */ = {isa = PBXBuildFile; fileRef = F345A42E29BE0D5300354ED1 /* APICaller.swift */; };
		F345A43129BE0D5300354ED1 /* NetworkConstants.swift in Sources */ = {isa = PBXBuildFile; fileRef = F345A42F29BE0D5300354ED1 /* NetworkConstants.swift */; };
		F345A43429BE0D6000354ED1 /* RocketModel.swift in Sources */ = {isa = PBXBuildFile; fileRef = F345A43329BE0D6000354ED1 /* RocketModel.swift */; };
		F345A43C29BE0D6700354ED1 /* Assets.xcassets in Resources */ = {isa = PBXBuildFile; fileRef = F345A43629BE0D6700354ED1 /* Assets.xcassets */; };
		F345A43D29BE0D6700354ED1 /* LabGrotesque-Thin.ttf in Resources */ = {isa = PBXBuildFile; fileRef = F345A43729BE0D6700354ED1 /* LabGrotesque-Thin.ttf */; };
		F345A43E29BE0D6700354ED1 /* LabGrotesque-Regular.ttf in Resources */ = {isa = PBXBuildFile; fileRef = F345A43829BE0D6700354ED1 /* LabGrotesque-Regular.ttf */; };
		F345A43F29BE0D6700354ED1 /* LabGrotesque-Bold.ttf in Resources */ = {isa = PBXBuildFile; fileRef = F345A43929BE0D6700354ED1 /* LabGrotesque-Bold.ttf */; };
		F345A44029BE0D6700354ED1 /* LabGrotesque-Medium.ttf in Resources */ = {isa = PBXBuildFile; fileRef = F345A43B29BE0D6700354ED1 /* LabGrotesque-Medium.ttf */; };
		F345A44229BE0D7C00354ED1 /* .gitignore in Resources */ = {isa = PBXBuildFile; fileRef = F345A44129BE0D7C00354ED1 /* .gitignore */; };
		F345A44E29BE0D9D00354ED1 /* InfoView.swift in Sources */ = {isa = PBXBuildFile; fileRef = F345A44529BE0D9D00354ED1 /* InfoView.swift */; };
		F345A44F29BE0D9D00354ED1 /* InfoCell.swift in Sources */ = {isa = PBXBuildFile; fileRef = F345A44629BE0D9D00354ED1 /* InfoCell.swift */; };
		F345A45029BE0D9D00354ED1 /* MainView.swift in Sources */ = {isa = PBXBuildFile; fileRef = F345A44829BE0D9D00354ED1 /* MainView.swift */; };
		F345A45129BE0D9D00354ED1 /* MainCell.swift in Sources */ = {isa = PBXBuildFile; fileRef = F345A44929BE0D9D00354ED1 /* MainCell.swift */; };
		F345A45229BE0D9D00354ED1 /* TitleCell.swift in Sources */ = {isa = PBXBuildFile; fileRef = F345A44B29BE0D9D00354ED1 /* TitleCell.swift */; };
		F345A45329BE0D9D00354ED1 /* TitleView.swift in Sources */ = {isa = PBXBuildFile; fileRef = F345A44C29BE0D9D00354ED1 /* TitleView.swift */; };
		F345A45429BE0D9D00354ED1 /* BackgroundImageCell.swift in Sources */ = {isa = PBXBuildFile; fileRef = F345A44D29BE0D9D00354ED1 /* BackgroundImageCell.swift */; };
		F345A45729BE0E4100354ED1 /* SnapKit in Frameworks */ = {isa = PBXBuildFile; productRef = F345A45629BE0E4100354ED1 /* SnapKit */; };
		F345A45A29BE132E00354ED1 /* SDWebImage in Frameworks */ = {isa = PBXBuildFile; productRef = F345A45929BE132E00354ED1 /* SDWebImage */; };
		F37F86DD29E33D9B009645E4 /* MainViewModel.swift in Sources */ = {isa = PBXBuildFile; fileRef = F37F86DC29E33D9B009645E4 /* MainViewModel.swift */; };
		F37F86E029E5C7C7009645E4 /* LaunchRocketViewController.swift in Sources */ = {isa = PBXBuildFile; fileRef = F37F86DF29E5C7C7009645E4 /* LaunchRocketViewController.swift */; };
		F37F872329E9EECE009645E4 /* LaunchButtonCollectionViewCell.swift in Sources */ = {isa = PBXBuildFile; fileRef = F37F872229E9EECE009645E4 /* LaunchButtonCollectionViewCell.swift */; };
		F37F872529E9FB0D009645E4 /* UIColor + Esntensions.swift in Sources */ = {isa = PBXBuildFile; fileRef = F37F872429E9FB0D009645E4 /* UIColor + Esntensions.swift */; };
/* End PBXBuildFile section */

/* Begin PBXFileReference section */
		F345A3FF29BE0CEA00354ED1 /* SpaceX.app */ = {isa = PBXFileReference; explicitFileType = wrapper.application; includeInIndex = 0; path = SpaceX.app; sourceTree = BUILT_PRODUCTS_DIR; };
		F345A40229BE0CEA00354ED1 /* AppDelegate.swift */ = {isa = PBXFileReference; lastKnownFileType = sourcecode.swift; path = AppDelegate.swift; sourceTree = "<group>"; };
		F345A40429BE0CEA00354ED1 /* SceneDelegate.swift */ = {isa = PBXFileReference; lastKnownFileType = sourcecode.swift; path = SceneDelegate.swift; sourceTree = "<group>"; };
		F345A40E29BE0CEC00354ED1 /* Base */ = {isa = PBXFileReference; lastKnownFileType = file.storyboard; name = Base; path = Base.lproj/LaunchScreen.storyboard; sourceTree = "<group>"; };
		F345A41029BE0CEC00354ED1 /* Info.plist */ = {isa = PBXFileReference; lastKnownFileType = text.plist.xml; path = Info.plist; sourceTree = "<group>"; };
		F345A41829BE0D1700354ED1 /* MainViewController.swift */ = {isa = PBXFileReference; fileEncoding = 4; lastKnownFileType = sourcecode.swift; path = MainViewController.swift; sourceTree = "<group>"; };
		F345A41929BE0D1700354ED1 /* DataSource.swift */ = {isa = PBXFileReference; fileEncoding = 4; lastKnownFileType = sourcecode.swift; path = DataSource.swift; sourceTree = "<group>"; };
		F345A41D29BE0D4000354ED1 /* UILabel + Extensions.swift */ = {isa = PBXFileReference; fileEncoding = 4; lastKnownFileType = sourcecode.swift; path = "UILabel + Extensions.swift"; sourceTree = "<group>"; };
		F345A41F29BE0D4000354ED1 /* UIFont + Extensions.swift */ = {isa = PBXFileReference; fileEncoding = 4; lastKnownFileType = sourcecode.swift; path = "UIFont + Extensions.swift"; sourceTree = "<group>"; };
		F345A42029BE0D4000354ED1 /* UIView + Extensions.swift */ = {isa = PBXFileReference; fileEncoding = 4; lastKnownFileType = sourcecode.swift; path = "UIView + Extensions.swift"; sourceTree = "<group>"; };
		F345A42629BE0D4600354ED1 /* FooterRocketViewModel.swift */ = {isa = PBXFileReference; fileEncoding = 4; lastKnownFileType = sourcecode.swift; path = FooterRocketViewModel.swift; sourceTree = "<group>"; };
		F345A42729BE0D4600354ED1 /* RocketViewModel.swift */ = {isa = PBXFileReference; fileEncoding = 4; lastKnownFileType = sourcecode.swift; path = RocketViewModel.swift; sourceTree = "<group>"; };
		F345A42B29BE0D4D00354ED1 /* Observable.swift */ = {isa = PBXFileReference; fileEncoding = 4; lastKnownFileType = sourcecode.swift; path = Observable.swift; sourceTree = "<group>"; };
		F345A42E29BE0D5300354ED1 /* APICaller.swift */ = {isa = PBXFileReference; fileEncoding = 4; lastKnownFileType = sourcecode.swift; path = APICaller.swift; sourceTree = "<group>"; };
		F345A42F29BE0D5300354ED1 /* NetworkConstants.swift */ = {isa = PBXFileReference; fileEncoding = 4; lastKnownFileType = sourcecode.swift; path = NetworkConstants.swift; sourceTree = "<group>"; };
		F345A43329BE0D6000354ED1 /* RocketModel.swift */ = {isa = PBXFileReference; fileEncoding = 4; lastKnownFileType = sourcecode.swift; path = RocketModel.swift; sourceTree = "<group>"; };
		F345A43629BE0D6700354ED1 /* Assets.xcassets */ = {isa = PBXFileReference; lastKnownFileType = folder.assetcatalog; path = Assets.xcassets; sourceTree = "<group>"; };
		F345A43729BE0D6700354ED1 /* LabGrotesque-Thin.ttf */ = {isa = PBXFileReference; lastKnownFileType = file; path = "LabGrotesque-Thin.ttf"; sourceTree = "<group>"; };
		F345A43829BE0D6700354ED1 /* LabGrotesque-Regular.ttf */ = {isa = PBXFileReference; lastKnownFileType = file; path = "LabGrotesque-Regular.ttf"; sourceTree = "<group>"; };
		F345A43929BE0D6700354ED1 /* LabGrotesque-Bold.ttf */ = {isa = PBXFileReference; lastKnownFileType = file; path = "LabGrotesque-Bold.ttf"; sourceTree = "<group>"; };
		F345A43B29BE0D6700354ED1 /* LabGrotesque-Medium.ttf */ = {isa = PBXFileReference; lastKnownFileType = file; path = "LabGrotesque-Medium.ttf"; sourceTree = "<group>"; };
		F345A44129BE0D7C00354ED1 /* .gitignore */ = {isa = PBXFileReference; fileEncoding = 4; lastKnownFileType = text; path = .gitignore; sourceTree = "<group>"; };
		F345A44529BE0D9D00354ED1 /* InfoView.swift */ = {isa = PBXFileReference; fileEncoding = 4; lastKnownFileType = sourcecode.swift; path = InfoView.swift; sourceTree = "<group>"; };
		F345A44629BE0D9D00354ED1 /* InfoCell.swift */ = {isa = PBXFileReference; fileEncoding = 4; lastKnownFileType = sourcecode.swift; path = InfoCell.swift; sourceTree = "<group>"; };
		F345A44829BE0D9D00354ED1 /* MainView.swift */ = {isa = PBXFileReference; fileEncoding = 4; lastKnownFileType = sourcecode.swift; path = MainView.swift; sourceTree = "<group>"; };
		F345A44929BE0D9D00354ED1 /* MainCell.swift */ = {isa = PBXFileReference; fileEncoding = 4; lastKnownFileType = sourcecode.swift; path = MainCell.swift; sourceTree = "<group>"; };
		F345A44B29BE0D9D00354ED1 /* TitleCell.swift */ = {isa = PBXFileReference; fileEncoding = 4; lastKnownFileType = sourcecode.swift; path = TitleCell.swift; sourceTree = "<group>"; };
		F345A44C29BE0D9D00354ED1 /* TitleView.swift */ = {isa = PBXFileReference; fileEncoding = 4; lastKnownFileType = sourcecode.swift; path = TitleView.swift; sourceTree = "<group>"; };
		F345A44D29BE0D9D00354ED1 /* BackgroundImageCell.swift */ = {isa = PBXFileReference; fileEncoding = 4; lastKnownFileType = sourcecode.swift; path = BackgroundImageCell.swift; sourceTree = "<group>"; };
		F37F86DC29E33D9B009645E4 /* MainViewModel.swift */ = {isa = PBXFileReference; lastKnownFileType = sourcecode.swift; path = MainViewModel.swift; sourceTree = "<group>"; };
		F37F86DF29E5C7C7009645E4 /* LaunchRocketViewController.swift */ = {isa = PBXFileReference; lastKnownFileType = sourcecode.swift; path = LaunchRocketViewController.swift; sourceTree = "<group>"; };
		F37F872229E9EECE009645E4 /* LaunchButtonCollectionViewCell.swift */ = {isa = PBXFileReference; lastKnownFileType = sourcecode.swift; path = LaunchButtonCollectionViewCell.swift; sourceTree = "<group>"; };
		F37F872429E9FB0D009645E4 /* UIColor + Esntensions.swift */ = {isa = PBXFileReference; lastKnownFileType = sourcecode.swift; path = "UIColor + Esntensions.swift"; sourceTree = "<group>"; };
/* End PBXFileReference section */

/* Begin PBXFrameworksBuildPhase section */
		F345A3FC29BE0CEA00354ED1 /* Frameworks */ = {
			isa = PBXFrameworksBuildPhase;
			buildActionMask = 2147483647;
			files = (
				F345A45A29BE132E00354ED1 /* SDWebImage in Frameworks */,
				F345A45729BE0E4100354ED1 /* SnapKit in Frameworks */,
			);
			runOnlyForDeploymentPostprocessing = 0;
		};
/* End PBXFrameworksBuildPhase section */

/* Begin PBXGroup section */
		F345A3F629BE0CEA00354ED1 = {
			isa = PBXGroup;
			children = (
				F345A40129BE0CEA00354ED1 /* SpaceX */,
				F345A40029BE0CEA00354ED1 /* Products */,
			);
			sourceTree = "<group>";
		};
		F345A40029BE0CEA00354ED1 /* Products */ = {
			isa = PBXGroup;
			children = (
				F345A3FF29BE0CEA00354ED1 /* SpaceX.app */,
			);
			name = Products;
			sourceTree = "<group>";
		};
		F345A40129BE0CEA00354ED1 /* SpaceX */ = {
			isa = PBXGroup;
			children = (
				F345A40229BE0CEA00354ED1 /* AppDelegate.swift */,
				F345A40429BE0CEA00354ED1 /* SceneDelegate.swift */,
				F345A42D29BE0D5300354ED1 /* Networking */,
				F345A42A29BE0D4D00354ED1 /* Classes */,
				F345A41C29BE0D4000354ED1 /* Extensions */,
				F345A41629BE0D1700354ED1 /* Controllers */,
				F345A44329BE0D9D00354ED1 /* View */,
				F345A43229BE0D6000354ED1 /* Model */,
				F345A42529BE0D4600354ED1 /* ViewModel */,
				F345A43529BE0D6700354ED1 /* Resources */,
				F345A40D29BE0CEC00354ED1 /* LaunchScreen.storyboard */,
				F345A44129BE0D7C00354ED1 /* .gitignore */,
				F345A41029BE0CEC00354ED1 /* Info.plist */,
			);
			path = SpaceX;
			sourceTree = "<group>";
		};
		F345A41629BE0D1700354ED1 /* Controllers */ = {
			isa = PBXGroup;
			children = (
				F37F871829E9BFE8009645E4 /* LaunchRocketViewController */,
				F345A41729BE0D1700354ED1 /* MainViewController */,
			);
			path = Controllers;
			sourceTree = "<group>";
		};
		F345A41729BE0D1700354ED1 /* MainViewController */ = {
			isa = PBXGroup;
			children = (
				F345A41829BE0D1700354ED1 /* MainViewController.swift */,
				F345A41929BE0D1700354ED1 /* DataSource.swift */,
			);
			path = MainViewController;
			sourceTree = "<group>";
		};
		F345A41C29BE0D4000354ED1 /* Extensions */ = {
			isa = PBXGroup;
			children = (
				F345A41D29BE0D4000354ED1 /* UILabel + Extensions.swift */,
				F345A41F29BE0D4000354ED1 /* UIFont + Extensions.swift */,
				F345A42029BE0D4000354ED1 /* UIView + Extensions.swift */,
				F37F872429E9FB0D009645E4 /* UIColor + Esntensions.swift */,
			);
			path = Extensions;
			sourceTree = "<group>";
		};
		F345A42529BE0D4600354ED1 /* ViewModel */ = {
			isa = PBXGroup;
			children = (
				F37F86DC29E33D9B009645E4 /* MainViewModel.swift */,
				F345A42629BE0D4600354ED1 /* FooterRocketViewModel.swift */,
				F345A42729BE0D4600354ED1 /* RocketViewModel.swift */,
			);
			path = ViewModel;
			sourceTree = "<group>";
		};
		F345A42A29BE0D4D00354ED1 /* Classes */ = {
			isa = PBXGroup;
			children = (
				F345A42B29BE0D4D00354ED1 /* Observable.swift */,
			);
			path = Classes;
			sourceTree = "<group>";
		};
		F345A42D29BE0D5300354ED1 /* Networking */ = {
			isa = PBXGroup;
			children = (
				F345A42E29BE0D5300354ED1 /* APICaller.swift */,
				F345A42F29BE0D5300354ED1 /* NetworkConstants.swift */,
			);
			path = Networking;
			sourceTree = "<group>";
		};
		F345A43229BE0D6000354ED1 /* Model */ = {
			isa = PBXGroup;
			children = (
				F345A43329BE0D6000354ED1 /* RocketModel.swift */,
			);
			path = Model;
			sourceTree = "<group>";
		};
		F345A43529BE0D6700354ED1 /* Resources */ = {
			isa = PBXGroup;
			children = (
				F345A43629BE0D6700354ED1 /* Assets.xcassets */,
				F345A43A29BE0D6700354ED1 /* Fonts */,
			);
			path = Resources;
			sourceTree = "<group>";
		};
		F345A43A29BE0D6700354ED1 /* Fonts */ = {
			isa = PBXGroup;
			children = (
				F345A43729BE0D6700354ED1 /* LabGrotesque-Thin.ttf */,
				F345A43829BE0D6700354ED1 /* LabGrotesque-Regular.ttf */,
				F345A43929BE0D6700354ED1 /* LabGrotesque-Bold.ttf */,
				F345A43B29BE0D6700354ED1 /* LabGrotesque-Medium.ttf */,
			);
			path = Fonts;
			sourceTree = "<group>";
		};
		F345A44329BE0D9D00354ED1 /* View */ = {
			isa = PBXGroup;
			children = (
				F37F872029E9EE30009645E4 /* BackgroundImageCell */,
				F345A44A29BE0D9D00354ED1 /* TitleCell */,
				F345A44429BE0D9D00354ED1 /* InfoCell */,
				F345A44729BE0D9D00354ED1 /* MainCells */,
				F37F872129E9EE99009645E4 /* LaunchButtomCell */,
			);
			path = View;
			sourceTree = "<group>";
		};
		F345A44429BE0D9D00354ED1 /* InfoCell */ = {
			isa = PBXGroup;
			children = (
				F345A44629BE0D9D00354ED1 /* InfoCell.swift */,
				F345A44529BE0D9D00354ED1 /* InfoView.swift */,
			);
			path = InfoCell;
			sourceTree = "<group>";
		};
		F345A44729BE0D9D00354ED1 /* MainCells */ = {
			isa = PBXGroup;
			children = (
				F345A44929BE0D9D00354ED1 /* MainCell.swift */,
				F345A44829BE0D9D00354ED1 /* MainView.swift */,
			);
			path = MainCells;
			sourceTree = "<group>";
		};
		F345A44A29BE0D9D00354ED1 /* TitleCell */ = {
			isa = PBXGroup;
			children = (
				F345A44B29BE0D9D00354ED1 /* TitleCell.swift */,
				F345A44C29BE0D9D00354ED1 /* TitleView.swift */,
			);
			path = TitleCell;
			sourceTree = "<group>";
		};
		F37F871829E9BFE8009645E4 /* LaunchRocketViewController */ = {
			isa = PBXGroup;
			children = (
				F37F86DF29E5C7C7009645E4 /* LaunchRocketViewController.swift */,
			);
			path = LaunchRocketViewController;
			sourceTree = "<group>";
		};
		F37F872029E9EE30009645E4 /* BackgroundImageCell */ = {
			isa = PBXGroup;
			children = (
				F345A44D29BE0D9D00354ED1 /* BackgroundImageCell.swift */,
			);
			path = BackgroundImageCell;
			sourceTree = "<group>";
		};
		F37F872129E9EE99009645E4 /* LaunchButtomCell */ = {
			isa = PBXGroup;
			children = (
				F37F872229E9EECE009645E4 /* LaunchButtonCollectionViewCell.swift */,
			);
			path = LaunchButtomCell;
			sourceTree = "<group>";
		};
/* End PBXGroup section */

/* Begin PBXNativeTarget section */
		F345A3FE29BE0CEA00354ED1 /* SpaceX */ = {
			isa = PBXNativeTarget;
			buildConfigurationList = F345A41329BE0CEC00354ED1 /* Build configuration list for PBXNativeTarget "SpaceX" */;
			buildPhases = (
				F345A3FB29BE0CEA00354ED1 /* Sources */,
				F345A3FC29BE0CEA00354ED1 /* Frameworks */,
				F345A3FD29BE0CEA00354ED1 /* Resources */,
			);
			buildRules = (
			);
			dependencies = (
			);
			name = SpaceX;
			packageProductDependencies = (
				F345A45629BE0E4100354ED1 /* SnapKit */,
				F345A45929BE132E00354ED1 /* SDWebImage */,
			);
			productName = SpaceX;
			productReference = F345A3FF29BE0CEA00354ED1 /* SpaceX.app */;
			productType = "com.apple.product-type.application";
		};
/* End PBXNativeTarget section */

/* Begin PBXProject section */
		F345A3F729BE0CEA00354ED1 /* Project object */ = {
			isa = PBXProject;
			attributes = {
				BuildIndependentTargetsInParallel = 1;
				LastSwiftUpdateCheck = 1340;
				LastUpgradeCheck = 1340;
				TargetAttributes = {
					F345A3FE29BE0CEA00354ED1 = {
						CreatedOnToolsVersion = 13.4.1;
					};
				};
			};
			buildConfigurationList = F345A3FA29BE0CEA00354ED1 /* Build configuration list for PBXProject "SpaceX" */;
			compatibilityVersion = "Xcode 13.0";
			developmentRegion = en;
			hasScannedForEncodings = 0;
			knownRegions = (
				en,
				Base,
			);
			mainGroup = F345A3F629BE0CEA00354ED1;
			packageReferences = (
				F345A45529BE0E4100354ED1 /* XCRemoteSwiftPackageReference "SnapKit" */,
				F345A45829BE132E00354ED1 /* XCRemoteSwiftPackageReference "SDWebImage" */,
			);
			productRefGroup = F345A40029BE0CEA00354ED1 /* Products */;
			projectDirPath = "";
			projectRoot = "";
			targets = (
				F345A3FE29BE0CEA00354ED1 /* SpaceX */,
			);
		};
/* End PBXProject section */

/* Begin PBXResourcesBuildPhase section */
		F345A3FD29BE0CEA00354ED1 /* Resources */ = {
			isa = PBXResourcesBuildPhase;
			buildActionMask = 2147483647;
			files = (
				F345A43D29BE0D6700354ED1 /* LabGrotesque-Thin.ttf in Resources */,
				F345A44229BE0D7C00354ED1 /* .gitignore in Resources */,
				F345A43E29BE0D6700354ED1 /* LabGrotesque-Regular.ttf in Resources */,
				F345A43C29BE0D6700354ED1 /* Assets.xcassets in Resources */,
				F345A44029BE0D6700354ED1 /* LabGrotesque-Medium.ttf in Resources */,
				F345A43F29BE0D6700354ED1 /* LabGrotesque-Bold.ttf in Resources */,
				F345A40F29BE0CEC00354ED1 /* LaunchScreen.storyboard in Resources */,
			);
			runOnlyForDeploymentPostprocessing = 0;
		};
/* End PBXResourcesBuildPhase section */

/* Begin PBXSourcesBuildPhase section */
		F345A3FB29BE0CEA00354ED1 /* Sources */ = {
			isa = PBXSourcesBuildPhase;
			buildActionMask = 2147483647;
			files = (
				F345A45229BE0D9D00354ED1 /* TitleCell.swift in Sources */,
				F345A43129BE0D5300354ED1 /* NetworkConstants.swift in Sources */,
				F37F86E029E5C7C7009645E4 /* LaunchRocketViewController.swift in Sources */,
				F37F872329E9EECE009645E4 /* LaunchButtonCollectionViewCell.swift in Sources */,
				F345A44E29BE0D9D00354ED1 /* InfoView.swift in Sources */,
				F345A42C29BE0D4D00354ED1 /* Observable.swift in Sources */,
				F345A42929BE0D4600354ED1 /* RocketViewModel.swift in Sources */,
				F345A45429BE0D9D00354ED1 /* BackgroundImageCell.swift in Sources */,
				F345A45329BE0D9D00354ED1 /* TitleView.swift in Sources */,
				F345A42829BE0D4600354ED1 /* FooterRocketViewModel.swift in Sources */,
				F345A42429BE0D4000354ED1 /* UIView + Extensions.swift in Sources */,
				F345A42129BE0D4000354ED1 /* UILabel + Extensions.swift in Sources */,
				F345A42329BE0D4000354ED1 /* UIFont + Extensions.swift in Sources */,
				F345A45129BE0D9D00354ED1 /* MainCell.swift in Sources */,
				F345A43429BE0D6000354ED1 /* RocketModel.swift in Sources */,
				F37F872529E9FB0D009645E4 /* UIColor + Esntensions.swift in Sources */,
				F345A41B29BE0D1700354ED1 /* DataSource.swift in Sources */,
				F37F86DD29E33D9B009645E4 /* MainViewModel.swift in Sources */,
				F345A43029BE0D5300354ED1 /* APICaller.swift in Sources */,
				F345A45029BE0D9D00354ED1 /* MainView.swift in Sources */,
				F345A44F29BE0D9D00354ED1 /* InfoCell.swift in Sources */,
				F345A41A29BE0D1700354ED1 /* MainViewController.swift in Sources */,
				F345A40329BE0CEA00354ED1 /* AppDelegate.swift in Sources */,
				F345A40529BE0CEA00354ED1 /* SceneDelegate.swift in Sources */,
			);
			runOnlyForDeploymentPostprocessing = 0;
		};
/* End PBXSourcesBuildPhase section */

/* Begin PBXVariantGroup section */
		F345A40D29BE0CEC00354ED1 /* LaunchScreen.storyboard */ = {
			isa = PBXVariantGroup;
			children = (
				F345A40E29BE0CEC00354ED1 /* Base */,
			);
			name = LaunchScreen.storyboard;
			sourceTree = "<group>";
		};
/* End PBXVariantGroup section */

/* Begin XCBuildConfiguration section */
		F345A41129BE0CEC00354ED1 /* Debug */ = {
			isa = XCBuildConfiguration;
			buildSettings = {
				ALWAYS_SEARCH_USER_PATHS = NO;
				CLANG_ANALYZER_NONNULL = YES;
				CLANG_ANALYZER_NUMBER_OBJECT_CONVERSION = YES_AGGRESSIVE;
				CLANG_CXX_LANGUAGE_STANDARD = "gnu++17";
				CLANG_ENABLE_MODULES = YES;
				CLANG_ENABLE_OBJC_ARC = YES;
				CLANG_ENABLE_OBJC_WEAK = YES;
				CLANG_WARN_BLOCK_CAPTURE_AUTORELEASING = YES;
				CLANG_WARN_BOOL_CONVERSION = YES;
				CLANG_WARN_COMMA = YES;
				CLANG_WARN_CONSTANT_CONVERSION = YES;
				CLANG_WARN_DEPRECATED_OBJC_IMPLEMENTATIONS = YES;
				CLANG_WARN_DIRECT_OBJC_ISA_USAGE = YES_ERROR;
				CLANG_WARN_DOCUMENTATION_COMMENTS = YES;
				CLANG_WARN_EMPTY_BODY = YES;
				CLANG_WARN_ENUM_CONVERSION = YES;
				CLANG_WARN_INFINITE_RECURSION = YES;
				CLANG_WARN_INT_CONVERSION = YES;
				CLANG_WARN_NON_LITERAL_NULL_CONVERSION = YES;
				CLANG_WARN_OBJC_IMPLICIT_RETAIN_SELF = YES;
				CLANG_WARN_OBJC_LITERAL_CONVERSION = YES;
				CLANG_WARN_OBJC_ROOT_CLASS = YES_ERROR;
				CLANG_WARN_QUOTED_INCLUDE_IN_FRAMEWORK_HEADER = YES;
				CLANG_WARN_RANGE_LOOP_ANALYSIS = YES;
				CLANG_WARN_STRICT_PROTOTYPES = YES;
				CLANG_WARN_SUSPICIOUS_MOVE = YES;
				CLANG_WARN_UNGUARDED_AVAILABILITY = YES_AGGRESSIVE;
				CLANG_WARN_UNREACHABLE_CODE = YES;
				CLANG_WARN__DUPLICATE_METHOD_MATCH = YES;
				COPY_PHASE_STRIP = NO;
				DEBUG_INFORMATION_FORMAT = dwarf;
				ENABLE_STRICT_OBJC_MSGSEND = YES;
				ENABLE_TESTABILITY = YES;
				GCC_C_LANGUAGE_STANDARD = gnu11;
				GCC_DYNAMIC_NO_PIC = NO;
				GCC_NO_COMMON_BLOCKS = YES;
				GCC_OPTIMIZATION_LEVEL = 0;
				GCC_PREPROCESSOR_DEFINITIONS = (
					"DEBUG=1",
					"$(inherited)",
				);
				GCC_WARN_64_TO_32_BIT_CONVERSION = YES;
				GCC_WARN_ABOUT_RETURN_TYPE = YES_ERROR;
				GCC_WARN_UNDECLARED_SELECTOR = YES;
				GCC_WARN_UNINITIALIZED_AUTOS = YES_AGGRESSIVE;
				GCC_WARN_UNUSED_FUNCTION = YES;
				GCC_WARN_UNUSED_VARIABLE = YES;
				IPHONEOS_DEPLOYMENT_TARGET = 15.5;
				MTL_ENABLE_DEBUG_INFO = INCLUDE_SOURCE;
				MTL_FAST_MATH = YES;
				ONLY_ACTIVE_ARCH = YES;
				SDKROOT = iphoneos;
				SWIFT_ACTIVE_COMPILATION_CONDITIONS = DEBUG;
				SWIFT_OPTIMIZATION_LEVEL = "-Onone";
			};
			name = Debug;
		};
		F345A41229BE0CEC00354ED1 /* Release */ = {
			isa = XCBuildConfiguration;
			buildSettings = {
				ALWAYS_SEARCH_USER_PATHS = NO;
				CLANG_ANALYZER_NONNULL = YES;
				CLANG_ANALYZER_NUMBER_OBJECT_CONVERSION = YES_AGGRESSIVE;
				CLANG_CXX_LANGUAGE_STANDARD = "gnu++17";
				CLANG_ENABLE_MODULES = YES;
				CLANG_ENABLE_OBJC_ARC = YES;
				CLANG_ENABLE_OBJC_WEAK = YES;
				CLANG_WARN_BLOCK_CAPTURE_AUTORELEASING = YES;
				CLANG_WARN_BOOL_CONVERSION = YES;
				CLANG_WARN_COMMA = YES;
				CLANG_WARN_CONSTANT_CONVERSION = YES;
				CLANG_WARN_DEPRECATED_OBJC_IMPLEMENTATIONS = YES;
				CLANG_WARN_DIRECT_OBJC_ISA_USAGE = YES_ERROR;
				CLANG_WARN_DOCUMENTATION_COMMENTS = YES;
				CLANG_WARN_EMPTY_BODY = YES;
				CLANG_WARN_ENUM_CONVERSION = YES;
				CLANG_WARN_INFINITE_RECURSION = YES;
				CLANG_WARN_INT_CONVERSION = YES;
				CLANG_WARN_NON_LITERAL_NULL_CONVERSION = YES;
				CLANG_WARN_OBJC_IMPLICIT_RETAIN_SELF = YES;
				CLANG_WARN_OBJC_LITERAL_CONVERSION = YES;
				CLANG_WARN_OBJC_ROOT_CLASS = YES_ERROR;
				CLANG_WARN_QUOTED_INCLUDE_IN_FRAMEWORK_HEADER = YES;
				CLANG_WARN_RANGE_LOOP_ANALYSIS = YES;
				CLANG_WARN_STRICT_PROTOTYPES = YES;
				CLANG_WARN_SUSPICIOUS_MOVE = YES;
				CLANG_WARN_UNGUARDED_AVAILABILITY = YES_AGGRESSIVE;
				CLANG_WARN_UNREACHABLE_CODE = YES;
				CLANG_WARN__DUPLICATE_METHOD_MATCH = YES;
				COPY_PHASE_STRIP = NO;
				DEBUG_INFORMATION_FORMAT = "dwarf-with-dsym";
				ENABLE_NS_ASSERTIONS = NO;
				ENABLE_STRICT_OBJC_MSGSEND = YES;
				GCC_C_LANGUAGE_STANDARD = gnu11;
				GCC_NO_COMMON_BLOCKS = YES;
				GCC_WARN_64_TO_32_BIT_CONVERSION = YES;
				GCC_WARN_ABOUT_RETURN_TYPE = YES_ERROR;
				GCC_WARN_UNDECLARED_SELECTOR = YES;
				GCC_WARN_UNINITIALIZED_AUTOS = YES_AGGRESSIVE;
				GCC_WARN_UNUSED_FUNCTION = YES;
				GCC_WARN_UNUSED_VARIABLE = YES;
				IPHONEOS_DEPLOYMENT_TARGET = 15.5;
				MTL_ENABLE_DEBUG_INFO = NO;
				MTL_FAST_MATH = YES;
				SDKROOT = iphoneos;
				SWIFT_COMPILATION_MODE = wholemodule;
				SWIFT_OPTIMIZATION_LEVEL = "-O";
				VALIDATE_PRODUCT = YES;
			};
			name = Release;
		};
		F345A41429BE0CEC00354ED1 /* Debug */ = {
			isa = XCBuildConfiguration;
			buildSettings = {
				ASSETCATALOG_COMPILER_APPICON_NAME = AppIcon;
				ASSETCATALOG_COMPILER_GLOBAL_ACCENT_COLOR_NAME = AccentColor;
				CODE_SIGN_STYLE = Automatic;
				CURRENT_PROJECT_VERSION = 1;
				DEVELOPMENT_TEAM = PLYGGAKJR4;
				GENERATE_INFOPLIST_FILE = YES;
				INFOPLIST_FILE = SpaceX/Info.plist;
				INFOPLIST_KEY_UIApplicationSupportsIndirectInputEvents = YES;
				INFOPLIST_KEY_UILaunchStoryboardName = LaunchScreen;
				INFOPLIST_KEY_UIMainStoryboardFile = "";
				INFOPLIST_KEY_UISupportedInterfaceOrientations = UIInterfaceOrientationPortrait;
				INFOPLIST_KEY_UISupportedInterfaceOrientations_iPad = "UIInterfaceOrientationPortrait UIInterfaceOrientationPortraitUpsideDown UIInterfaceOrientationLandscapeLeft UIInterfaceOrientationLandscapeRight";
				INFOPLIST_KEY_UISupportedInterfaceOrientations_iPhone = "UIInterfaceOrientationPortrait UIInterfaceOrientationLandscapeLeft UIInterfaceOrientationLandscapeRight";
				LD_RUNPATH_SEARCH_PATHS = (
					"$(inherited)",
					"@executable_path/Frameworks",
				);
				MARKETING_VERSION = 1.0;
				PRODUCT_BUNDLE_IDENTIFIER = my.com.organization.SpaceX;
				PRODUCT_NAME = "$(TARGET_NAME)";
				SWIFT_EMIT_LOC_STRINGS = YES;
				SWIFT_VERSION = 5.0;
				TARGETED_DEVICE_FAMILY = 1;
			};
			name = Debug;
		};
		F345A41529BE0CEC00354ED1 /* Release */ = {
			isa = XCBuildConfiguration;
			buildSettings = {
				ASSETCATALOG_COMPILER_APPICON_NAME = AppIcon;
				ASSETCATALOG_COMPILER_GLOBAL_ACCENT_COLOR_NAME = AccentColor;
				CODE_SIGN_STYLE = Automatic;
				CURRENT_PROJECT_VERSION = 1;
				DEVELOPMENT_TEAM = PLYGGAKJR4;
				GENERATE_INFOPLIST_FILE = YES;
				INFOPLIST_FILE = SpaceX/Info.plist;
				INFOPLIST_KEY_UIApplicationSupportsIndirectInputEvents = YES;
				INFOPLIST_KEY_UILaunchStoryboardName = LaunchScreen;
				INFOPLIST_KEY_UIMainStoryboardFile = "";
				INFOPLIST_KEY_UISupportedInterfaceOrientations = UIInterfaceOrientationPortrait;
				INFOPLIST_KEY_UISupportedInterfaceOrientations_iPad = "UIInterfaceOrientationPortrait UIInterfaceOrientationPortraitUpsideDown UIInterfaceOrientationLandscapeLeft UIInterfaceOrientationLandscapeRight";
				INFOPLIST_KEY_UISupportedInterfaceOrientations_iPhone = "UIInterfaceOrientationPortrait UIInterfaceOrientationLandscapeLeft UIInterfaceOrientationLandscapeRight";
				LD_RUNPATH_SEARCH_PATHS = (
					"$(inherited)",
					"@executable_path/Frameworks",
				);
				MARKETING_VERSION = 1.0;
				PRODUCT_BUNDLE_IDENTIFIER = my.com.organization.SpaceX;
				PRODUCT_NAME = "$(TARGET_NAME)";
				SWIFT_EMIT_LOC_STRINGS = YES;
				SWIFT_VERSION = 5.0;
				TARGETED_DEVICE_FAMILY = 1;
			};
			name = Release;
		};
/* End XCBuildConfiguration section */

/* Begin XCConfigurationList section */
		F345A3FA29BE0CEA00354ED1 /* Build configuration list for PBXProject "SpaceX" */ = {
			isa = XCConfigurationList;
			buildConfigurations = (
				F345A41129BE0CEC00354ED1 /* Debug */,
				F345A41229BE0CEC00354ED1 /* Release */,
			);
			defaultConfigurationIsVisible = 0;
			defaultConfigurationName = Release;
		};
		F345A41329BE0CEC00354ED1 /* Build configuration list for PBXNativeTarget "SpaceX" */ = {
			isa = XCConfigurationList;
			buildConfigurations = (
				F345A41429BE0CEC00354ED1 /* Debug */,
				F345A41529BE0CEC00354ED1 /* Release */,
			);
			defaultConfigurationIsVisible = 0;
			defaultConfigurationName = Release;
		};
/* End XCConfigurationList section */

/* Begin XCRemoteSwiftPackageReference section */
		F345A45529BE0E4100354ED1 /* XCRemoteSwiftPackageReference "SnapKit" */ = {
			isa = XCRemoteSwiftPackageReference;
			repositoryURL = "https://github.com/SnapKit/SnapKit.git";
			requirement = {
				branch = develop;
				kind = branch;
			};
		};
		F345A45829BE132E00354ED1 /* XCRemoteSwiftPackageReference "SDWebImage" */ = {
			isa = XCRemoteSwiftPackageReference;
			repositoryURL = "https://github.com/SDWebImage/SDWebImage.git";
			requirement = {
				branch = master;
				kind = branch;
			};
		};
/* End XCRemoteSwiftPackageReference section */

/* Begin XCSwiftPackageProductDependency section */
		F345A45629BE0E4100354ED1 /* SnapKit */ = {
			isa = XCSwiftPackageProductDependency;
			package = F345A45529BE0E4100354ED1 /* XCRemoteSwiftPackageReference "SnapKit" */;
			productName = SnapKit;
		};
		F345A45929BE132E00354ED1 /* SDWebImage */ = {
			isa = XCSwiftPackageProductDependency;
			package = F345A45829BE132E00354ED1 /* XCRemoteSwiftPackageReference "SDWebImage" */;
			productName = SDWebImage;
		};
/* End XCSwiftPackageProductDependency section */
	};
	rootObject = F345A3F729BE0CEA00354ED1 /* Project object */;
}
